<?xml version="1.0" encoding="utf-8"?>
<Project ToolsVersion="4.0" xmlns="http://schemas.microsoft.com/developer/msbuild/2003">
  <ItemGroup>
    <Filter Include="Source Files">
      <UniqueIdentifier>{4FC737F1-C7A5-4376-A066-2A32D752A2FF}</UniqueIdentifier>
      <Extensions>cpp;c;cc;cxx;def;odl;idl;hpj;bat;asm;asmx</Extensions>
    </Filter>
    <Filter Include="Header Files">
      <UniqueIdentifier>{93995380-89BD-4b04-88EB-625FBE52EBFB}</UniqueIdentifier>
      <Extensions>h;hh;hpp;hxx;hm;inl;inc;xsd</Extensions>
    </Filter>
    <Filter Include="Resource Files">
      <UniqueIdentifier>{67DA6AB6-F800-4c08-8B7A-83BB121AAD01}</UniqueIdentifier>
      <Extensions>rc;ico;cur;bmp;dlg;rc2;rct;bin;rgs;gif;jpg;jpeg;jpe;resx;tiff;tif;png;wav;mfcribbon-ms</Extensions>
    </Filter>
    <Filter Include="Header Files\Server">
      <UniqueIdentifier>{b84f8095-e2d1-4717-9381-6ef2d1e4739a}</UniqueIdentifier>
    </Filter>
    <Filter Include="Source Files\Server">
      <UniqueIdentifier>{880fdd13-7dae-4744-856a-1c6a7e981f0a}</UniqueIdentifier>
    </Filter>
    <Filter Include="Source Files\Entity">
      <UniqueIdentifier>{76494e36-09f2-4f09-b413-3a1bee1b15ea}</UniqueIdentifier>
    </Filter>
    <Filter Include="Header Files\Entity">
      <UniqueIdentifier>{ee662d9a-c99e-42e4-9b6d-ad6d04e3ece2}</UniqueIdentifier>
    </Filter>
    <Filter Include="Header Files\Entity\Cards">
      <UniqueIdentifier>{839e0eb7-8385-4865-9672-e88f27a070aa}</UniqueIdentifier>
    </Filter>
    <Filter Include="Source Files\Entity\Cards">
      <UniqueIdentifier>{8782441d-d5f7-4dc5-b3c3-ddc403459986}</UniqueIdentifier>
    </Filter>
    <Filter Include="Source Files\Data">
      <UniqueIdentifier>{0b7d15be-caf2-4439-9efc-161f0fe211d5}</UniqueIdentifier>
    </Filter>
    <Filter Include="Header Files\Data">
      <UniqueIdentifier>{982aebd0-ba8c-492c-8821-6907712fb63f}</UniqueIdentifier>
    </Filter>
    <Filter Include="Source Files\Turn">
      <UniqueIdentifier>{9e78078f-743e-47d3-bb38-28b6d113a188}</UniqueIdentifier>
    </Filter>
    <Filter Include="Header Files\Turn">
      <UniqueIdentifier>{da840e41-0498-4a0a-9f67-a813a6108a02}</UniqueIdentifier>
    </Filter>
  </ItemGroup>
  <ItemGroup>
    <ClInclude Include="Socket.h">
      <Filter>Header Files\Server</Filter>
    </ClInclude>
    <ClInclude Include="Throw.h">
      <Filter>Header Files\Server</Filter>
    </ClInclude>
    <ClInclude Include="ClientCommand.h">
      <Filter>Header Files\Server</Filter>
    </ClInclude>
    <ClInclude Include="Sync_queue.h">
      <Filter>Header Files\Server</Filter>
    </ClInclude>
    <ClInclude Include="InputHandler.h">
      <Filter>Header Files\Server</Filter>
    </ClInclude>
    <ClInclude Include="Player.h">
      <Filter>Header Files\Entity</Filter>
    </ClInclude>
    <ClInclude Include="Deck.h">
      <Filter>Header Files\Entity</Filter>
    </ClInclude>
    <ClInclude Include="BuildingCard.h">
      <Filter>Header Files\Entity\Cards</Filter>
    </ClInclude>
    <ClInclude Include="CharacterCard.h">
      <Filter>Header Files\Entity\Cards</Filter>
    </ClInclude>
    <ClInclude Include="CardType.h">
      <Filter>Header Files\Entity\Cards</Filter>
    </ClInclude>
    <ClInclude Include="Loader.h">
      <Filter>Header Files\Data</Filter>
    </ClInclude>
    <ClInclude Include="Server.h">
      <Filter>Header Files\Server</Filter>
    </ClInclude>
    <ClInclude Include="Game.h">
      <Filter>Header Files</Filter>
    </ClInclude>
    <ClInclude Include="Characters.h">
      <Filter>Header Files\Entity\Cards</Filter>
    </ClInclude>
    <ClInclude Include="Colors.h">
      <Filter>Header Files\Entity\Cards</Filter>
    </ClInclude>
    <ClInclude Include="CharacterSelectionTurn.h">
      <Filter>Header Files\Turn</Filter>
    </ClInclude>
    <ClInclude Include="BaseTurn.h">
      <Filter>Header Files\Turn</Filter>
    </ClInclude>
    <ClInclude Include="Turns.h">
      <Filter>Header Files\Turn</Filter>
    </ClInclude>
    <ClInclude Include="CharacterActionTurn.h">
      <Filter>Header Files\Turn</Filter>
    </ClInclude>
    <ClInclude Include="Buildings.h">
      <Filter>Header Files\Entity\Cards</Filter>
    </ClInclude>
  </ItemGroup>
  <ItemGroup>
    <ClCompile Include="Main.cpp">
      <Filter>Source Files</Filter>
    </ClCompile>
    <ClCompile Include="Socket.cpp">
      <Filter>Source Files\Server</Filter>
    </ClCompile>
    <ClCompile Include="Throw.cpp">
      <Filter>Source Files\Server</Filter>
    </ClCompile>
    <ClCompile Include="InputHandler.cpp">
      <Filter>Source Files\Server</Filter>
    </ClCompile>
    <ClCompile Include="Player.cpp">
      <Filter>Source Files\Entity</Filter>
    </ClCompile>
    <ClCompile Include="BuildingCard.cpp">
      <Filter>Source Files\Entity\Cards</Filter>
    </ClCompile>
    <ClCompile Include="CharacterCard.cpp">
      <Filter>Source Files\Entity\Cards</Filter>
    </ClCompile>
    <ClCompile Include="Loader.cpp">
      <Filter>Source Files\Data</Filter>
    </ClCompile>
    <ClCompile Include="Server.cpp">
      <Filter>Source Files\Server</Filter>
    </ClCompile>
    <ClCompile Include="Game.cpp">
      <Filter>Source Files</Filter>
    </ClCompile>
    <ClCompile Include="CharacterSelectionTurn.cpp">
      <Filter>Source Files\Turn</Filter>
    </ClCompile>
    <ClCompile Include="BaseTurn.cpp">
      <Filter>Source Files\Turn</Filter>
    </ClCompile>
    <ClCompile Include="CharacterActionTurn.cpp">
      <Filter>Source Files\Turn</Filter>
    </ClCompile>
  </ItemGroup>
  <ItemGroup>
    <None Include="Bouwkaarten.csv">
      <Filter>Source Files\Data</Filter>
    </None>
    <None Include="karakterkaarten.csv">
      <Filter>Source Files\Data</Filter>
    </None>
  </ItemGroup>
</Project>